// !$*UTF8*$!
{
	archiveVersion = 1;
	classes = {
	};
	objectVersion = 46;
	objects = {

/* Begin PBXFileReference section */
		F9E5D3221C002D0E00C7C108 /* TodoTableVeiwController.swift */ = {isa = PBXFileReference; lastKnownFileType = sourcecode.swift; path = TodoTableVeiwController.swift; sourceTree = "<group>"; };
		F9E5D3231C0098C700C7C108 /* AppDelegate.swift */ = {isa = PBXFileReference; lastKnownFileType = sourcecode.swift; path = AppDelegate.swift; sourceTree = "<group>"; };
/* End PBXFileReference section */

/* Begin PBXGroup section */
		F9E5D31B1C002CB700C7C108 = {
			isa = PBXGroup;
			children = (
				F9E5D3231C0098C700C7C108 /* AppDelegate.swift */,
				F9E5D3221C002D0E00C7C108 /* TodoTableVeiwController.swift */,
			);
			sourceTree = "<group>";
		};
/* End PBXGroup section */

/* Begin PBXProject section */
		F9E5D31C1C002CB700C7C108 /* Project object */ = {
			isa = PBXProject;
			attributes = {
				LastUpgradeCheck = 0710;
			};
			buildConfigurationList = F9E5D31F1C002CB700C7C108 /* Build configuration list for PBXProject "ToDoApp" */;
			compatibilityVersion = "Xcode 3.2";
			developmentRegion = English;
			hasScannedForEncodings = 0;
			knownRegions = (
				en,
			);
			mainGroup = F9E5D31B1C002CB700C7C108;
			projectDirPath = "";
			projectRoot = "";
			targets = (
			);
		};
/* End PBXProject section */

/* Begin XCBuildConfiguration section */
		F9E5D3201C002CB700C7C108 /* Debug */ = {
			isa = XCBuildConfiguration;
			buildSettings = {
			};
			name = Debug;
		};
		F9E5D3211C002CB700C7C108 /* Release */ = {
			isa = XCBuildConfiguration;
			buildSettings = {
			};
			name = Release;
		};
/* End XCBuildConfiguration section */

/* Begin XCConfigurationList section */
		F9E5D31F1C002CB700C7C108 /* Build configuration list for PBXProject "ToDoApp" */ = {
			isa = XCConfigurationList;
			buildConfigurations = (
				F9E5D3201C002CB700C7C108 /* Debug */,
				F9E5D3211C002CB700C7C108 /* Release */,
			);
			defaultConfigurationIsVisible = 0;
			defaultConfigurationName = Release;
		};
/* End XCConfigurationList section */
	};
	rootObject = F9E5D31C1C002CB700C7C108 /* Project object */;
}
