// !$*UTF8*$!
{
	archiveVersion = 1;
	classes = {
	};
	objectVersion = 46;
	objects = {

/* Begin PBXBuildFile section */
		F967D0491C1DA904007BC4B1 /* AppDelegate.swift in Sources */ = {isa = PBXBuildFile; fileRef = F967D0481C1DA904007BC4B1 /* AppDelegate.swift */; };
		F967D04B1C1DA904007BC4B1 /* ViewController.swift in Sources */ = {isa = PBXBuildFile; fileRef = F967D04A1C1DA904007BC4B1 /* ViewController.swift */; };
		F967D04E1C1DA904007BC4B1 /* Main.storyboard in Resources */ = {isa = PBXBuildFile; fileRef = F967D04C1C1DA904007BC4B1 /* Main.storyboard */; };
		F967D0501C1DA904007BC4B1 /* Assets.xcassets in Resources */ = {isa = PBXBuildFile; fileRef = F967D04F1C1DA904007BC4B1 /* Assets.xcassets */; };
		F967D0531C1DA904007BC4B1 /* LaunchScreen.storyboard in Resources */ = {isa = PBXBuildFile; fileRef = F967D0511C1DA904007BC4B1 /* LaunchScreen.storyboard */; };
		F967D05E1C1DA905007BC4B1 /* SlidebarTests.swift in Sources */ = {isa = PBXBuildFile; fileRef = F967D05D1C1DA905007BC4B1 /* SlidebarTests.swift */; };
		F967D0691C1DA905007BC4B1 /* SlidebarUITests.swift in Sources */ = {isa = PBXBuildFile; fileRef = F967D0681C1DA905007BC4B1 /* SlidebarUITests.swift */; };
/* End PBXBuildFile section */

/* Begin PBXContainerItemProxy section */
		F967D05A1C1DA905007BC4B1 /* PBXContainerItemProxy */ = {
			isa = PBXContainerItemProxy;
			containerPortal = F967D03D1C1DA904007BC4B1 /* Project object */;
			proxyType = 1;
			remoteGlobalIDString = F967D0441C1DA904007BC4B1;
			remoteInfo = Slidebar;
		};
		F967D0651C1DA905007BC4B1 /* PBXContainerItemProxy */ = {
			isa = PBXContainerItemProxy;
			containerPortal = F967D03D1C1DA904007BC4B1 /* Project object */;
			proxyType = 1;
			remoteGlobalIDString = F967D0441C1DA904007BC4B1;
			remoteInfo = Slidebar;
		};
/* End PBXContainerItemProxy section */

/* Begin PBXFileReference section */
		F967D0451C1DA904007BC4B1 /* Slidebar.app */ = {isa = PBXFileReference; explicitFileType = wrapper.application; includeInIndex = 0; path = Slidebar.app; sourceTree = BUILT_PRODUCTS_DIR; };
		F967D0481C1DA904007BC4B1 /* AppDelegate.swift */ = {isa = PBXFileReference; lastKnownFileType = sourcecode.swift; path = AppDelegate.swift; sourceTree = "<group>"; };
		F967D04A1C1DA904007BC4B1 /* ViewController.swift */ = {isa = PBXFileReference; lastKnownFileType = sourcecode.swift; path = ViewController.swift; sourceTree = "<group>"; };
		F967D04D1C1DA904007BC4B1 /* Base */ = {isa = PBXFileReference; lastKnownFileType = file.storyboard; name = Base; path = Base.lproj/Main.storyboard; sourceTree = "<group>"; };
		F967D04F1C1DA904007BC4B1 /* Assets.xcassets */ = {isa = PBXFileReference; lastKnownFileType = folder.assetcatalog; path = Assets.xcassets; sourceTree = "<group>"; };
		F967D0521C1DA904007BC4B1 /* Base */ = {isa = PBXFileReference; lastKnownFileType = file.storyboard; name = Base; path = Base.lproj/LaunchScreen.storyboard; sourceTree = "<group>"; };
		F967D0541C1DA904007BC4B1 /* Info.plist */ = {isa = PBXFileReference; lastKnownFileType = text.plist.xml; path = Info.plist; sourceTree = "<group>"; };
		F967D0591C1DA905007BC4B1 /* SlidebarTests.xctest */ = {isa = PBXFileReference; explicitFileType = wrapper.cfbundle; includeInIndex = 0; path = SlidebarTests.xctest; sourceTree = BUILT_PRODUCTS_DIR; };
		F967D05D1C1DA905007BC4B1 /* SlidebarTests.swift */ = {isa = PBXFileReference; lastKnownFileType = sourcecode.swift; path = SlidebarTests.swift; sourceTree = "<group>"; };
		F967D05F1C1DA905007BC4B1 /* Info.plist */ = {isa = PBXFileReference; lastKnownFileType = text.plist.xml; path = Info.plist; sourceTree = "<group>"; };
		F967D0641C1DA905007BC4B1 /* SlidebarUITests.xctest */ = {isa = PBXFileReference; explicitFileType = wrapper.cfbundle; includeInIndex = 0; path = SlidebarUITests.xctest; sourceTree = BUILT_PRODUCTS_DIR; };
		F967D0681C1DA905007BC4B1 /* SlidebarUITests.swift */ = {isa = PBXFileReference; lastKnownFileType = sourcecode.swift; path = SlidebarUITests.swift; sourceTree = "<group>"; };
		F967D06A1C1DA905007BC4B1 /* Info.plist */ = {isa = PBXFileReference; lastKnownFileType = text.plist.xml; path = Info.plist; sourceTree = "<group>"; };
/* End PBXFileReference section */

/* Begin PBXFrameworksBuildPhase section */
		F967D0421C1DA904007BC4B1 /* Frameworks */ = {
			isa = PBXFrameworksBuildPhase;
			buildActionMask = 2147483647;
			files = (
			);
			runOnlyForDeploymentPostprocessing = 0;
		};
		F967D0561C1DA905007BC4B1 /* Frameworks */ = {
			isa = PBXFrameworksBuildPhase;
			buildActionMask = 2147483647;
			files = (
			);
			runOnlyForDeploymentPostprocessing = 0;
		};
		F967D0611C1DA905007BC4B1 /* Frameworks */ = {
			isa = PBXFrameworksBuildPhase;
			buildActionMask = 2147483647;
			files = (
			);
			runOnlyForDeploymentPostprocessing = 0;
		};
/* End PBXFrameworksBuildPhase section */

/* Begin PBXGroup section */
		F967D03C1C1DA904007BC4B1 = {
			isa = PBXGroup;
			children = (
				F967D0471C1DA904007BC4B1 /* Slidebar */,
				F967D05C1C1DA905007BC4B1 /* SlidebarTests */,
				F967D0671C1DA905007BC4B1 /* SlidebarUITests */,
				F967D0461C1DA904007BC4B1 /* Products */,
			);
			sourceTree = "<group>";
		};
		F967D0461C1DA904007BC4B1 /* Products */ = {
			isa = PBXGroup;
			children = (
				F967D0451C1DA904007BC4B1 /* Slidebar.app */,
				F967D0591C1DA905007BC4B1 /* SlidebarTests.xctest */,
				F967D0641C1DA905007BC4B1 /* SlidebarUITests.xctest */,
			);
			name = Products;
			sourceTree = "<group>";
		};
		F967D0471C1DA904007BC4B1 /* Slidebar */ = {
			isa = PBXGroup;
			children = (
				F967D0481C1DA904007BC4B1 /* AppDelegate.swift */,
				F967D04A1C1DA904007BC4B1 /* ViewController.swift */,
				F967D04C1C1DA904007BC4B1 /* Main.storyboard */,
				F967D04F1C1DA904007BC4B1 /* Assets.xcassets */,
				F967D0511C1DA904007BC4B1 /* LaunchScreen.storyboard */,
				F967D0541C1DA904007BC4B1 /* Info.plist */,
			);
			path = Slidebar;
			sourceTree = "<group>";
		};
		F967D05C1C1DA905007BC4B1 /* SlidebarTests */ = {
			isa = PBXGroup;
			children = (
				F967D05D1C1DA905007BC4B1 /* SlidebarTests.swift */,
				F967D05F1C1DA905007BC4B1 /* Info.plist */,
			);
			path = SlidebarTests;
			sourceTree = "<group>";
		};
		F967D0671C1DA905007BC4B1 /* SlidebarUITests */ = {
			isa = PBXGroup;
			children = (
				F967D0681C1DA905007BC4B1 /* SlidebarUITests.swift */,
				F967D06A1C1DA905007BC4B1 /* Info.plist */,
			);
			path = SlidebarUITests;
			sourceTree = "<group>";
		};
/* End PBXGroup section */

/* Begin PBXNativeTarget section */
		F967D0441C1DA904007BC4B1 /* Slidebar */ = {
			isa = PBXNativeTarget;
			buildConfigurationList = F967D06D1C1DA905007BC4B1 /* Build configuration list for PBXNativeTarget "Slidebar" */;
			buildPhases = (
				F967D0411C1DA904007BC4B1 /* Sources */,
				F967D0421C1DA904007BC4B1 /* Frameworks */,
				F967D0431C1DA904007BC4B1 /* Resources */,
			);
			buildRules = (
			);
			dependencies = (
			);
			name = Slidebar;
			productName = Slidebar;
			productReference = F967D0451C1DA904007BC4B1 /* Slidebar.app */;
			productType = "com.apple.product-type.application";
		};
		F967D0581C1DA905007BC4B1 /* SlidebarTests */ = {
			isa = PBXNativeTarget;
			buildConfigurationList = F967D0701C1DA905007BC4B1 /* Build configuration list for PBXNativeTarget "SlidebarTests" */;
			buildPhases = (
				F967D0551C1DA905007BC4B1 /* Sources */,
				F967D0561C1DA905007BC4B1 /* Frameworks */,
				F967D0571C1DA905007BC4B1 /* Resources */,
			);
			buildRules = (
			);
			dependencies = (
				F967D05B1C1DA905007BC4B1 /* PBXTargetDependency */,
			);
			name = SlidebarTests;
			productName = SlidebarTests;
			productReference = F967D0591C1DA905007BC4B1 /* SlidebarTests.xctest */;
			productType = "com.apple.product-type.bundle.unit-test";
		};
		F967D0631C1DA905007BC4B1 /* SlidebarUITests */ = {
			isa = PBXNativeTarget;
			buildConfigurationList = F967D0731C1DA905007BC4B1 /* Build configuration list for PBXNativeTarget "SlidebarUITests" */;
			buildPhases = (
				F967D0601C1DA905007BC4B1 /* Sources */,
				F967D0611C1DA905007BC4B1 /* Frameworks */,
				F967D0621C1DA905007BC4B1 /* Resources */,
			);
			buildRules = (
			);
			dependencies = (
				F967D0661C1DA905007BC4B1 /* PBXTargetDependency */,
			);
			name = SlidebarUITests;
			productName = SlidebarUITests;
			productReference = F967D0641C1DA905007BC4B1 /* SlidebarUITests.xctest */;
			productType = "com.apple.product-type.bundle.ui-testing";
		};
/* End PBXNativeTarget section */

/* Begin PBXProject section */
		F967D03D1C1DA904007BC4B1 /* Project object */ = {
			isa = PBXProject;
			attributes = {
				LastSwiftUpdateCheck = 0720;
				LastUpgradeCheck = 0720;
				ORGANIZATIONNAME = "Takayasu Sakai";
				TargetAttributes = {
					F967D0441C1DA904007BC4B1 = {
						CreatedOnToolsVersion = 7.2;
					};
					F967D0581C1DA905007BC4B1 = {
						CreatedOnToolsVersion = 7.2;
						TestTargetID = F967D0441C1DA904007BC4B1;
					};
					F967D0631C1DA905007BC4B1 = {
						CreatedOnToolsVersion = 7.2;
						TestTargetID = F967D0441C1DA904007BC4B1;
					};
				};
			};
			buildConfigurationList = F967D0401C1DA904007BC4B1 /* Build configuration list for PBXProject "Slidebar" */;
			compatibilityVersion = "Xcode 3.2";
			developmentRegion = English;
			hasScannedForEncodings = 0;
			knownRegions = (
				en,
				Base,
			);
			mainGroup = F967D03C1C1DA904007BC4B1;
			productRefGroup = F967D0461C1DA904007BC4B1 /* Products */;
			projectDirPath = "";
			projectRoot = "";
			targets = (
				F967D0441C1DA904007BC4B1 /* Slidebar */,
				F967D0581C1DA905007BC4B1 /* SlidebarTests */,
				F967D0631C1DA905007BC4B1 /* SlidebarUITests */,
			);
		};
/* End PBXProject section */

/* Begin PBXResourcesBuildPhase section */
		F967D0431C1DA904007BC4B1 /* Resources */ = {
			isa = PBXResourcesBuildPhase;
			buildActionMask = 2147483647;
			files = (
				F967D0531C1DA904007BC4B1 /* LaunchScreen.storyboard in Resources */,
				F967D0501C1DA904007BC4B1 /* Assets.xcassets in Resources */,
				F967D04E1C1DA904007BC4B1 /* Main.storyboard in Resources */,
			);
			runOnlyForDeploymentPostprocessing = 0;
		};
		F967D0571C1DA905007BC4B1 /* Resources */ = {
			isa = PBXResourcesBuildPhase;
			buildActionMask = 2147483647;
			files = (
			);
			runOnlyForDeploymentPostprocessing = 0;
		};
		F967D0621C1DA905007BC4B1 /* Resources */ = {
			isa = PBXResourcesBuildPhase;
			buildActionMask = 2147483647;
			files = (
			);
			runOnlyForDeploymentPostprocessing = 0;
		};
/* End PBXResourcesBuildPhase section */

/* Begin PBXSourcesBuildPhase section */
		F967D0411C1DA904007BC4B1 /* Sources */ = {
			isa = PBXSourcesBuildPhase;
			buildActionMask = 2147483647;
			files = (
				F967D04B1C1DA904007BC4B1 /* ViewController.swift in Sources */,
				F967D0491C1DA904007BC4B1 /* AppDelegate.swift in Sources */,
			);
			runOnlyForDeploymentPostprocessing = 0;
		};
		F967D0551C1DA905007BC4B1 /* Sources */ = {
			isa = PBXSourcesBuildPhase;
			buildActionMask = 2147483647;
			files = (
				F967D05E1C1DA905007BC4B1 /* SlidebarTests.swift in Sources */,
			);
			runOnlyForDeploymentPostprocessing = 0;
		};
		F967D0601C1DA905007BC4B1 /* Sources */ = {
			isa = PBXSourcesBuildPhase;
			buildActionMask = 2147483647;
			files = (
				F967D0691C1DA905007BC4B1 /* SlidebarUITests.swift in Sources */,
			);
			runOnlyForDeploymentPostprocessing = 0;
		};
/* End PBXSourcesBuildPhase section */

/* Begin PBXTargetDependency section */
		F967D05B1C1DA905007BC4B1 /* PBXTargetDependency */ = {
			isa = PBXTargetDependency;
			target = F967D0441C1DA904007BC4B1 /* Slidebar */;
			targetProxy = F967D05A1C1DA905007BC4B1 /* PBXContainerItemProxy */;
		};
		F967D0661C1DA905007BC4B1 /* PBXTargetDependency */ = {
			isa = PBXTargetDependency;
			target = F967D0441C1DA904007BC4B1 /* Slidebar */;
			targetProxy = F967D0651C1DA905007BC4B1 /* PBXContainerItemProxy */;
		};
/* End PBXTargetDependency section */

/* Begin PBXVariantGroup section */
		F967D04C1C1DA904007BC4B1 /* Main.storyboard */ = {
			isa = PBXVariantGroup;
			children = (
				F967D04D1C1DA904007BC4B1 /* Base */,
			);
			name = Main.storyboard;
			sourceTree = "<group>";
		};
		F967D0511C1DA904007BC4B1 /* LaunchScreen.storyboard */ = {
			isa = PBXVariantGroup;
			children = (
				F967D0521C1DA904007BC4B1 /* Base */,
			);
			name = LaunchScreen.storyboard;
			sourceTree = "<group>";
		};
/* End PBXVariantGroup section */

/* Begin XCBuildConfiguration section */
		F967D06B1C1DA905007BC4B1 /* Debug */ = {
			isa = XCBuildConfiguration;
			buildSettings = {
				ALWAYS_SEARCH_USER_PATHS = NO;
				CLANG_CXX_LANGUAGE_STANDARD = "gnu++0x";
				CLANG_CXX_LIBRARY = "libc++";
				CLANG_ENABLE_MODULES = YES;
				CLANG_ENABLE_OBJC_ARC = YES;
				CLANG_WARN_BOOL_CONVERSION = YES;
				CLANG_WARN_CONSTANT_CONVERSION = YES;
				CLANG_WARN_DIRECT_OBJC_ISA_USAGE = YES_ERROR;
				CLANG_WARN_EMPTY_BODY = YES;
				CLANG_WARN_ENUM_CONVERSION = YES;
				CLANG_WARN_INT_CONVERSION = YES;
				CLANG_WARN_OBJC_ROOT_CLASS = YES_ERROR;
				CLANG_WARN_UNREACHABLE_CODE = YES;
				CLANG_WARN__DUPLICATE_METHOD_MATCH = YES;
				"CODE_SIGN_IDENTITY[sdk=iphoneos*]" = "iPhone Developer";
				COPY_PHASE_STRIP = NO;
				DEBUG_INFORMATION_FORMAT = dwarf;
				ENABLE_STRICT_OBJC_MSGSEND = YES;
				ENABLE_TESTABILITY = YES;
				GCC_C_LANGUAGE_STANDARD = gnu99;
				GCC_DYNAMIC_NO_PIC = NO;
				GCC_NO_COMMON_BLOCKS = YES;
				GCC_OPTIMIZATION_LEVEL = 0;
				GCC_PREPROCESSOR_DEFINITIONS = (
					"DEBUG=1",
					"$(inherited)",
				);
				GCC_WARN_64_TO_32_BIT_CONVERSION = YES;
				GCC_WARN_ABOUT_RETURN_TYPE = YES_ERROR;
				GCC_WARN_UNDECLARED_SELECTOR = YES;
				GCC_WARN_UNINITIALIZED_AUTOS = YES_AGGRESSIVE;
				GCC_WARN_UNUSED_FUNCTION = YES;
				GCC_WARN_UNUSED_VARIABLE = YES;
				IPHONEOS_DEPLOYMENT_TARGET = 9.2;
				MTL_ENABLE_DEBUG_INFO = YES;
				ONLY_ACTIVE_ARCH = YES;
				SDKROOT = iphoneos;
				SWIFT_OPTIMIZATION_LEVEL = "-Onone";
				TARGETED_DEVICE_FAMILY = "1,2";
			};
			name = Debug;
		};
		F967D06C1C1DA905007BC4B1 /* Release */ = {
			isa = XCBuildConfiguration;
			buildSettings = {
				ALWAYS_SEARCH_USER_PATHS = NO;
				CLANG_CXX_LANGUAGE_STANDARD = "gnu++0x";
				CLANG_CXX_LIBRARY = "libc++";
				CLANG_ENABLE_MODULES = YES;
				CLANG_ENABLE_OBJC_ARC = YES;
				CLANG_WARN_BOOL_CONVERSION = YES;
				CLANG_WARN_CONSTANT_CONVERSION = YES;
				CLANG_WARN_DIRECT_OBJC_ISA_USAGE = YES_ERROR;
				CLANG_WARN_EMPTY_BODY = YES;
				CLANG_WARN_ENUM_CONVERSION = YES;
				CLANG_WARN_INT_CONVERSION = YES;
				CLANG_WARN_OBJC_ROOT_CLASS = YES_ERROR;
				CLANG_WARN_UNREACHABLE_CODE = YES;
				CLANG_WARN__DUPLICATE_METHOD_MATCH = YES;
				"CODE_SIGN_IDENTITY[sdk=iphoneos*]" = "iPhone Developer";
				COPY_PHASE_STRIP = NO;
				DEBUG_INFORMATION_FORMAT = "dwarf-with-dsym";
				ENABLE_NS_ASSERTIONS = NO;
				ENABLE_STRICT_OBJC_MSGSEND = YES;
				GCC_C_LANGUAGE_STANDARD = gnu99;
				GCC_NO_COMMON_BLOCKS = YES;
				GCC_WARN_64_TO_32_BIT_CONVERSION = YES;
				GCC_WARN_ABOUT_RETURN_TYPE = YES_ERROR;
				GCC_WARN_UNDECLARED_SELECTOR = YES;
				GCC_WARN_UNINITIALIZED_AUTOS = YES_AGGRESSIVE;
				GCC_WARN_UNUSED_FUNCTION = YES;
				GCC_WARN_UNUSED_VARIABLE = YES;
				IPHONEOS_DEPLOYMENT_TARGET = 9.2;
				MTL_ENABLE_DEBUG_INFO = NO;
				SDKROOT = iphoneos;
				TARGETED_DEVICE_FAMILY = "1,2";
				VALIDATE_PRODUCT = YES;
			};
			name = Release;
		};
		F967D06E1C1DA905007BC4B1 /* Debug */ = {
			isa = XCBuildConfiguration;
			buildSettings = {
				ASSETCATALOG_COMPILER_APPICON_NAME = AppIcon;
				INFOPLIST_FILE = Slidebar/Info.plist;
				LD_RUNPATH_SEARCH_PATHS = "$(inherited) @executable_path/Frameworks";
				PRODUCT_BUNDLE_IDENTIFIER = tasakai.Slidebar;
				PRODUCT_NAME = "$(TARGET_NAME)";
			};
			name = Debug;
		};
		F967D06F1C1DA905007BC4B1 /* Release */ = {
			isa = XCBuildConfiguration;
			buildSettings = {
				ASSETCATALOG_COMPILER_APPICON_NAME = AppIcon;
				INFOPLIST_FILE = Slidebar/Info.plist;
				LD_RUNPATH_SEARCH_PATHS = "$(inherited) @executable_path/Frameworks";
				PRODUCT_BUNDLE_IDENTIFIER = tasakai.Slidebar;
				PRODUCT_NAME = "$(TARGET_NAME)";
			};
			name = Release;
		};
		F967D0711C1DA905007BC4B1 /* Debug */ = {
			isa = XCBuildConfiguration;
			buildSettings = {
				BUNDLE_LOADER = "$(TEST_HOST)";
				INFOPLIST_FILE = SlidebarTests/Info.plist;
				LD_RUNPATH_SEARCH_PATHS = "$(inherited) @executable_path/Frameworks @loader_path/Frameworks";
				PRODUCT_BUNDLE_IDENTIFIER = tasakai.SlidebarTests;
				PRODUCT_NAME = "$(TARGET_NAME)";
				TEST_HOST = "$(BUILT_PRODUCTS_DIR)/Slidebar.app/Slidebar";
			};
			name = Debug;
		};
		F967D0721C1DA905007BC4B1 /* Release */ = {
			isa = XCBuildConfiguration;
			buildSettings = {
				BUNDLE_LOADER = "$(TEST_HOST)";
				INFOPLIST_FILE = SlidebarTests/Info.plist;
				LD_RUNPATH_SEARCH_PATHS = "$(inherited) @executable_path/Frameworks @loader_path/Frameworks";
				PRODUCT_BUNDLE_IDENTIFIER = tasakai.SlidebarTests;
				PRODUCT_NAME = "$(TARGET_NAME)";
				TEST_HOST = "$(BUILT_PRODUCTS_DIR)/Slidebar.app/Slidebar";
			};
			name = Release;
		};
		F967D0741C1DA905007BC4B1 /* Debug */ = {
			isa = XCBuildConfiguration;
			buildSettings = {
				INFOPLIST_FILE = SlidebarUITests/Info.plist;
				LD_RUNPATH_SEARCH_PATHS = "$(inherited) @executable_path/Frameworks @loader_path/Frameworks";
				PRODUCT_BUNDLE_IDENTIFIER = tasakai.SlidebarUITests;
				PRODUCT_NAME = "$(TARGET_NAME)";
				TEST_TARGET_NAME = Slidebar;
				USES_XCTRUNNER = YES;
			};
			name = Debug;
		};
		F967D0751C1DA905007BC4B1 /* Release */ = {
			isa = XCBuildConfiguration;
			buildSettings = {
				INFOPLIST_FILE = SlidebarUITests/Info.plist;
				LD_RUNPATH_SEARCH_PATHS = "$(inherited) @executable_path/Frameworks @loader_path/Frameworks";
				PRODUCT_BUNDLE_IDENTIFIER = tasakai.SlidebarUITests;
				PRODUCT_NAME = "$(TARGET_NAME)";
				TEST_TARGET_NAME = Slidebar;
				USES_XCTRUNNER = YES;
			};
			name = Release;
		};
/* End XCBuildConfiguration section */

/* Begin XCConfigurationList section */
		F967D0401C1DA904007BC4B1 /* Build configuration list for PBXProject "Slidebar" */ = {
			isa = XCConfigurationList;
			buildConfigurations = (
				F967D06B1C1DA905007BC4B1 /* Debug */,
				F967D06C1C1DA905007BC4B1 /* Release */,
			);
			defaultConfigurationIsVisible = 0;
			defaultConfigurationName = Release;
		};
		F967D06D1C1DA905007BC4B1 /* Build configuration list for PBXNativeTarget "Slidebar" */ = {
			isa = XCConfigurationList;
			buildConfigurations = (
				F967D06E1C1DA905007BC4B1 /* Debug */,
				F967D06F1C1DA905007BC4B1 /* Release */,
			);
			defaultConfigurationIsVisible = 0;
		};
		F967D0701C1DA905007BC4B1 /* Build configuration list for PBXNativeTarget "SlidebarTests" */ = {
			isa = XCConfigurationList;
			buildConfigurations = (
				F967D0711C1DA905007BC4B1 /* Debug */,
				F967D0721C1DA905007BC4B1 /* Release */,
			);
			defaultConfigurationIsVisible = 0;
		};
		F967D0731C1DA905007BC4B1 /* Build configuration list for PBXNativeTarget "SlidebarUITests" */ = {
			isa = XCConfigurationList;
			buildConfigurations = (
				F967D0741C1DA905007BC4B1 /* Debug */,
				F967D0751C1DA905007BC4B1 /* Release */,
			);
			defaultConfigurationIsVisible = 0;
		};
/* End XCConfigurationList section */
	};
	rootObject = F967D03D1C1DA904007BC4B1 /* Project object */;
}
